Microsoft Visual Studio Solution File, Format Version 11.00
# Visual Studio 2008

Project("{B9650B2F-E83E-5BB8-AFFD-B99087917728}") = "Back 2 the Futur3 Part 1 0.46", "Assembly-CSharp-firstpass.csproj", "{E31DC05F-2463-A84F-C7CD-4E0E56A58B05}"
EndProject
Project("{B9650B2F-E83E-5BB8-AFFD-B99087917728}") = "Back 2 the Futur3 Part 1 0.46", "Assembly-CSharp-Editor.csproj", "{7C1588A7-939A-85A4-379A-D4E964EE781D}"
EndProject
Global
	GlobalSection(SolutionConfigurationPlatforms) = preSolution
		Debug|Any CPU = Debug|Any CPU
		Release|Any CPU = Release|Any CPU
	EndGlobalSection
	GlobalSection(ProjectConfigurationPlatforms) = postSolution
		{E31DC05F-2463-A84F-C7CD-4E0E56A58B05}.Debug|Any CPU.ActiveCfg = Debug|Any CPU
		{E31DC05F-2463-A84F-C7CD-4E0E56A58B05}.Debug|Any CPU.Build.0 = Debug|Any CPU
		{E31DC05F-2463-A84F-C7CD-4E0E56A58B05}.Release|Any CPU.ActiveCfg = Release|Any CPU
		{E31DC05F-2463-A84F-C7CD-4E0E56A58B05}.Release|Any CPU.Build.0 = Release|Any CPU
		{7C1588A7-939A-85A4-379A-D4E964EE781D}.Debug|Any CPU.ActiveCfg = Debug|Any CPU
		{7C1588A7-939A-85A4-379A-D4E964EE781D}.Debug|Any CPU.Build.0 = Debug|Any CPU
		{7C1588A7-939A-85A4-379A-D4E964EE781D}.Release|Any CPU.ActiveCfg = Release|Any CPU
		{7C1588A7-939A-85A4-379A-D4E964EE781D}.Release|Any CPU.Build.0 = Release|Any CPU
	EndGlobalSection
	GlobalSection(SolutionProperties) = preSolution
		HideSolutionNode = FALSE
	EndGlobalSection
	GlobalSection(MonoDevelopProperties) = preSolution
		StartupItem = Assembly-CSharp.csproj
	EndGlobalSection
EndGlobal
